
Microsoft Visual Studio Solution File, Format Version 12.00
# Visual Studio Version 17
VisualStudioVersion = 17.3.32922.545
MinimumVisualStudioVersion = 10.0.40219.1
Project("{FAE04EC0-301F-11D3-BF4B-00C04F79EFBC}") = "Banque GraphiqueDAO", "Banque GraphiqueDAO.csproj", "{13BD42FC-1724-42E4-AD60-2162C9EA486A}"
EndProject
Global
	GlobalSection(SolutionConfigurationPlatforms) = preSolution
		Debug|x86 = Debug|x86
		Release|x86 = Release|x86
	EndGlobalSection
	GlobalSection(ProjectConfigurationPlatforms) = postSolution
		{13BD42FC-1724-42E4-AD60-2162C9EA486A}.Debug|x86.ActiveCfg = Debug|x86
		{13BD42FC-1724-42E4-AD60-2162C9EA486A}.Debug|x86.Build.0 = Debug|x86
		{13BD42FC-1724-42E4-AD60-2162C9EA486A}.Release|x86.ActiveCfg = Release|x86
		{13BD42FC-1724-42E4-AD60-2162C9EA486A}.Release|x86.Build.0 = Release|x86
	EndGlobalSection
	GlobalSection(SolutionProperties) = preSolution
		HideSolutionNode = FALSE
	EndGlobalSection
	GlobalSection(ExtensibilityGlobals) = postSolution
		SolutionGuid = {BFB33EDC-020D-439A-8289-5C1043AF82A0}
	EndGlobalSection
EndGlobal
